
Microsoft Visual Studio Solution File, Format Version 12.00
# Visual Studio 15
VisualStudioVersion = 15.0.27703.2000
MinimumVisualStudioVersion = 10.0.40219.1
Project("{FAE04EC0-301F-11D3-BF4B-00C04F79EFBC}") = "Genericos", "Genericos\Genericos.csproj", "{C5CDD3AF-7212-437E-9FBE-0148CB4F4381}"
EndProject
Global
	GlobalSection(SolutionConfigurationPlatforms) = preSolution
		Debug|Any CPU = Debug|Any CPU
		Release|Any CPU = Release|Any CPU
	EndGlobalSection
	GlobalSection(ProjectConfigurationPlatforms) = postSolution
		{C5CDD3AF-7212-437E-9FBE-0148CB4F4381}.Debug|Any CPU.ActiveCfg = Debug|Any CPU
		{C5CDD3AF-7212-437E-9FBE-0148CB4F4381}.Debug|Any CPU.Build.0 = Debug|Any CPU
		{C5CDD3AF-7212-437E-9FBE-0148CB4F4381}.Release|Any CPU.ActiveCfg = Release|Any CPU
		{C5CDD3AF-7212-437E-9FBE-0148CB4F4381}.Release|Any CPU.Build.0 = Release|Any CPU
	EndGlobalSection
	GlobalSection(SolutionProperties) = preSolution
		HideSolutionNode = FALSE
	EndGlobalSection
	GlobalSection(ExtensibilityGlobals) = postSolution
		SolutionGuid = {865472F8-5120-4C04-BFC9-8AF93B73A3BB}
	EndGlobalSection
EndGlobal
