
Microsoft Visual Studio Solution File, Format Version 12.00
# Visual Studio 15
VisualStudioVersion = 15.0.27703.2000
MinimumVisualStudioVersion = 10.0.40219.1
Project("{FAE04EC0-301F-11D3-BF4B-00C04F79EFBC}") = "Herencia", "Herencia\Herencia.csproj", "{53F4BAF9-2392-463E-A6EE-4C025D230982}"
EndProject
Global
	GlobalSection(SolutionConfigurationPlatforms) = preSolution
		Debug|Any CPU = Debug|Any CPU
		Release|Any CPU = Release|Any CPU
	EndGlobalSection
	GlobalSection(ProjectConfigurationPlatforms) = postSolution
		{53F4BAF9-2392-463E-A6EE-4C025D230982}.Debug|Any CPU.ActiveCfg = Debug|Any CPU
		{53F4BAF9-2392-463E-A6EE-4C025D230982}.Debug|Any CPU.Build.0 = Debug|Any CPU
		{53F4BAF9-2392-463E-A6EE-4C025D230982}.Release|Any CPU.ActiveCfg = Release|Any CPU
		{53F4BAF9-2392-463E-A6EE-4C025D230982}.Release|Any CPU.Build.0 = Release|Any CPU
	EndGlobalSection
	GlobalSection(SolutionProperties) = preSolution
		HideSolutionNode = FALSE
	EndGlobalSection
	GlobalSection(ExtensibilityGlobals) = postSolution
		SolutionGuid = {088B09BE-32F1-4799-AE92-728FBC1BA29E}
	EndGlobalSection
EndGlobal
