
Microsoft Visual Studio Solution File, Format Version 12.00
# Visual Studio 15
VisualStudioVersion = 15.0.27703.2000
MinimumVisualStudioVersion = 10.0.40219.1
Project("{FAE04EC0-301F-11D3-BF4B-00C04F79EFBC}") = "Arreglos", "Arreglos\Arreglos.csproj", "{63E946F7-82EA-46BC-A8E5-1BEDA8D28C21}"
EndProject
Global
	GlobalSection(SolutionConfigurationPlatforms) = preSolution
		Debug|Any CPU = Debug|Any CPU
		Release|Any CPU = Release|Any CPU
	EndGlobalSection
	GlobalSection(ProjectConfigurationPlatforms) = postSolution
		{63E946F7-82EA-46BC-A8E5-1BEDA8D28C21}.Debug|Any CPU.ActiveCfg = Debug|Any CPU
		{63E946F7-82EA-46BC-A8E5-1BEDA8D28C21}.Debug|Any CPU.Build.0 = Debug|Any CPU
		{63E946F7-82EA-46BC-A8E5-1BEDA8D28C21}.Release|Any CPU.ActiveCfg = Release|Any CPU
		{63E946F7-82EA-46BC-A8E5-1BEDA8D28C21}.Release|Any CPU.Build.0 = Release|Any CPU
	EndGlobalSection
	GlobalSection(SolutionProperties) = preSolution
		HideSolutionNode = FALSE
	EndGlobalSection
	GlobalSection(ExtensibilityGlobals) = postSolution
		SolutionGuid = {588FFF56-DA05-4F73-924A-00015BE518BE}
	EndGlobalSection
EndGlobal
