
Microsoft Visual Studio Solution File, Format Version 12.00
# Visual Studio 15
VisualStudioVersion = 15.0.27703.2000
MinimumVisualStudioVersion = 10.0.40219.1
Project("{FAE04EC0-301F-11D3-BF4B-00C04F79EFBC}") = "TiposDeDatos", "TiposDeDatos\TiposDeDatos.csproj", "{F8078EE9-AF37-4BA9-8009-55730E6D32F0}"
EndProject
Global
	GlobalSection(SolutionConfigurationPlatforms) = preSolution
		Debug|Any CPU = Debug|Any CPU
		Release|Any CPU = Release|Any CPU
	EndGlobalSection
	GlobalSection(ProjectConfigurationPlatforms) = postSolution
		{F8078EE9-AF37-4BA9-8009-55730E6D32F0}.Debug|Any CPU.ActiveCfg = Debug|Any CPU
		{F8078EE9-AF37-4BA9-8009-55730E6D32F0}.Debug|Any CPU.Build.0 = Debug|Any CPU
		{F8078EE9-AF37-4BA9-8009-55730E6D32F0}.Release|Any CPU.ActiveCfg = Release|Any CPU
		{F8078EE9-AF37-4BA9-8009-55730E6D32F0}.Release|Any CPU.Build.0 = Release|Any CPU
	EndGlobalSection
	GlobalSection(SolutionProperties) = preSolution
		HideSolutionNode = FALSE
	EndGlobalSection
	GlobalSection(ExtensibilityGlobals) = postSolution
		SolutionGuid = {616C03B3-7CA1-458F-8C72-5BF358D3C3DF}
	EndGlobalSection
EndGlobal
